{
  "name": "fiorilikeapp",
  "version": "1.0.0",
  "lockfileVersion": 3,
  "requires": true,
  "packages": {
    "": {
      "name": "fiorilikeapp",
      "version": "1.0.0",
      "license": "ISC",
      "dependencies": {
        "@sap/ux-ui5-tooling": "^1.24.0"
      }
    },
    "node_modules/@sap/ux-ui5-tooling": {
      "version": "1.24.0",
      "resolved": "https://registry.npmjs.org/@sap/ux-ui5-tooling/-/ux-ui5-tooling-1.24.0.tgz",
      "integrity": "sha512-QgbpkO3FU2YLZtLjnYrD+b23ti2hCrLI2bpiwGqdCuK+2qKVB5pjoZep7xxnRxaE0NtibB1HSBwJJWwTZGW9QQ==",
      "license": "SEE LICENSE IN LICENSE",
      "bin": {
        "fiori": "bin/fiori.cjs"
      }
    }
  }
}
